PODS:
  - CDBKit (1.4.3):
    - CDBKit/Array (= 1.4.3)
    - CDBKit/Core (= 1.4.3)
    - CDBKit/Localize (= 1.4.3)
    - CDBKit/UI (= 1.4.3)
  - CDBKit/Array (1.4.3)
  - CDBKit/Core (1.4.3)
  - CDBKit/Localize (1.4.3)
  - CDBKit/UI (1.4.3)
  - LMGeocoderUniversal (1.2.1)
  - LocationInfo (1.0.3):
    - LocationInfo/Initial (= 1.0.3)
  - LocationInfo/AppleGeocoder (1.0.3):
    - LocationInfo/Initial
  - LocationInfo/Core (1.0.3)
  - LocationInfo/Initial (1.0.3):
    - LocationInfo/Core
  - LocationInfo/LMGeocoder (1.0.3):
    - LMGeocoderUniversal
    - LocationInfo/AppleGeocoder
    - LocationInfo/Initial
  - QMGeocoder (1.0.2):
    - LMGeocoderUniversal (~> 1.2)
    - LocationInfo (~> 1.0)
    - LocationInfo/AppleGeocoder (~> 1.0)
    - LocationInfo/LMGeocoder (~> 1.0)

DEPENDENCIES:
  - CDBKit (~> 1.4)
  - QMGeocoder (from `../`)

EXTERNAL SOURCES:
  QMGeocoder:
    :path: ../

SPEC CHECKSUMS:
  CDBKit: aeb16954308b9a39c07bf1deaf32dc64074f0be2
  LMGeocoderUniversal: a48427d9d6a9fc74f33cbf9b15303c7b1015b549
  LocationInfo: 1cb7da8c280403459cbb958a9f93dee454679c4f
  QMGeocoder: bf2cec7192ca84c2a73b2759bdfe2fcda5f9b7dd

PODFILE CHECKSUM: 2e8ce5c8e77cd51c2724bf8d0b77288bc943cf98

COCOAPODS: 1.4.0
